PODS:
  - Alamofire (5.4.0)
  - SDWebImage (5.9.4):
    - SDWebImage/Core (= 5.9.4)
  - SDWebImage/Core (5.9.4)
  - SkeletonView (1.8.2)

DEPENDENCIES:
  - Alamofire (~> 5.2)
  - SDWebImage (~> 5.0)
  - SkeletonView

SPEC REPOS:
  https://github.com/CocoaPods/Specs.git:
    - Alamofire
    - SDWebImage
    - SkeletonView

SPEC CHECKSUMS:
  Alamofire: 3b6a534a3df22db367e4dedeeca73d1ddfcf0e2f
  SDWebImage: b69257f4ab14e9b6a2ef53e910fdf914d8f757c1
  SkeletonView: bb27c39857e5492136f02ee8a3aa78de55d12ecd

PODFILE CHECKSUM: 0538b9204b4cd7fa69df22d5a8158c9b2e0f736b

COCOAPODS: 1.9.3
